
Microsoft Visual Studio Solution File, Format Version 12.00
# Visual Studio Version 17
VisualStudioVersion = 17.0.31903.59
MinimumVisualStudioVersion = 10.0.40219.1
Project("{2150E333-8FDC-42A3-9474-1A3956D46DE8}") = "src", "src", "{827E0CD3-B72D-47B6-A68D-7590B98EB39B}"
EndProject
Project("{FAE04EC0-301F-11D3-BF4B-00C04F79EFBC}") = "DxfContourStudio.Core", "src\DxfContourStudio.Core\DxfContourStudio.Core.csproj", "{3A39E85E-AF15-4A6A-A4FA-291BFDBFFAB6}"
EndProject
Project("{FAE04EC0-301F-11D3-BF4B-00C04F79EFBC}") = "DxfContourStudio.Dxf", "src\DxfContourStudio.Dxf\DxfContourStudio.Dxf.csproj", "{E51762E2-8787-4073-936A-529A6BBAFFC6}"
EndProject
Project("{FAE04EC0-301F-11D3-BF4B-00C04F79EFBC}") = "DxfContourStudio.Application", "src\DxfContourStudio.Application\DxfContourStudio.Application.csproj", "{5E866C29-35D8-4AE1-BB57-DFA747231392}"
EndProject
Project("{FAE04EC0-301F-11D3-BF4B-00C04F79EFBC}") = "DxfContourStudio.Wpf", "src\DxfContourStudio.Wpf\DxfContourStudio.Wpf.csproj", "{FBEC9BDE-13B5-4CB4-8BA3-522AA3C1218E}"
EndProject
Project("{2150E333-8FDC-42A3-9474-1A3956D46DE8}") = "tests", "tests", "{0AB3BF05-4346-4AA6-1389-037BE0695223}"
EndProject
Project("{FAE04EC0-301F-11D3-BF4B-00C04F79EFBC}") = "DxfContourStudio.Core.Tests", "tests\DxfContourStudio.Core.Tests\DxfContourStudio.Core.Tests.csproj", "{76364456-977A-47DD-9BBF-C0B4D5911645}"
EndProject
Project("{FAE04EC0-301F-11D3-BF4B-00C04F79EFBC}") = "DxfContourStudio.Dxf.Tests", "tests\DxfContourStudio.Dxf.Tests\DxfContourStudio.Dxf.Tests.csproj", "{FBCECC42-5CD6-4C27-AD58-A823CB913A3E}"
EndProject
Project("{FAE04EC0-301F-11D3-BF4B-00C04F79EFBC}") = "DxfContourStudio.Application.Tests", "tests\DxfContourStudio.Application.Tests\DxfContourStudio.Application.Tests.csproj", "{B6E742AB-3C5F-442C-8A7C-DA9D0A375FD2}"
EndProject
Global
	GlobalSection(SolutionConfigurationPlatforms) = preSolution
		Debug|Any CPU = Debug|Any CPU
		Debug|x64 = Debug|x64
		Debug|x86 = Debug|x86
		Release|Any CPU = Release|Any CPU
		Release|x64 = Release|x64
		Release|x86 = Release|x86
	EndGlobalSection
	GlobalSection(ProjectConfigurationPlatforms) = postSolution
		{3A39E85E-AF15-4A6A-A4FA-291BFDBFFAB6}.Debug|Any CPU.ActiveCfg = Debug|Any CPU
		{3A39E85E-AF15-4A6A-A4FA-291BFDBFFAB6}.Debug|Any CPU.Build.0 = Debug|Any CPU
		{3A39E85E-AF15-4A6A-A4FA-291BFDBFFAB6}.Debug|x64.ActiveCfg = Debug|Any CPU
		{3A39E85E-AF15-4A6A-A4FA-291BFDBFFAB6}.Debug|x64.Build.0 = Debug|Any CPU
		{3A39E85E-AF15-4A6A-A4FA-291BFDBFFAB6}.Debug|x86.ActiveCfg = Debug|Any CPU
		{3A39E85E-AF15-4A6A-A4FA-291BFDBFFAB6}.Debug|x86.Build.0 = Debug|Any CPU
		{3A39E85E-AF15-4A6A-A4FA-291BFDBFFAB6}.Release|Any CPU.ActiveCfg = Release|Any CPU
		{3A39E85E-AF15-4A6A-A4FA-291BFDBFFAB6}.Release|Any CPU.Build.0 = Release|Any CPU
		{3A39E85E-AF15-4A6A-A4FA-291BFDBFFAB6}.Release|x64.ActiveCfg = Release|Any CPU
		{3A39E85E-AF15-4A6A-A4FA-291BFDBFFAB6}.Release|x64.Build.0 = Release|Any CPU
		{3A39E85E-AF15-4A6A-A4FA-291BFDBFFAB6}.Release|x86.ActiveCfg = Release|Any CPU
		{3A39E85E-AF15-4A6A-A4FA-291BFDBFFAB6}.Release|x86.Build.0 = Release|Any CPU
		{E51762E2-8787-4073-936A-529A6BBAFFC6}.Debug|Any CPU.ActiveCfg = Debug|Any CPU
		{E51762E2-8787-4073-936A-529A6BBAFFC6}.Debug|Any CPU.Build.0 = Debug|Any CPU
		{E51762E2-8787-4073-936A-529A6BBAFFC6}.Debug|x64.ActiveCfg = Debug|Any CPU
		{E51762E2-8787-4073-936A-529A6BBAFFC6}.Debug|x64.Build.0 = Debug|Any CPU
		{E51762E2-8787-4073-936A-529A6BBAFFC6}.Debug|x86.ActiveCfg = Debug|Any CPU
		{E51762E2-8787-4073-936A-529A6BBAFFC6}.Debug|x86.Build.0 = Debug|Any CPU
		{E51762E2-8787-4073-936A-529A6BBAFFC6}.Release|Any CPU.ActiveCfg = Release|Any CPU
		{E51762E2-8787-4073-936A-529A6BBAFFC6}.Release|Any CPU.Build.0 = Release|Any CPU
		{E51762E2-8787-4073-936A-529A6BBAFFC6}.Release|x64.ActiveCfg = Release|Any CPU
		{E51762E2-8787-4073-936A-529A6BBAFFC6}.Release|x64.Build.0 = Release|Any CPU
		{E51762E2-8787-4073-936A-529A6BBAFFC6}.Release|x86.ActiveCfg = Release|Any CPU
		{E51762E2-8787-4073-936A-529A6BBAFFC6}.Release|x86.Build.0 = Release|Any CPU
		{5E866C29-35D8-4AE1-BB57-DFA747231392}.Debug|Any CPU.ActiveCfg = Debug|Any CPU
		{5E866C29-35D8-4AE1-BB57-DFA747231392}.Debug|Any CPU.Build.0 = Debug|Any CPU
		{5E866C29-35D8-4AE1-BB57-DFA747231392}.Debug|x64.ActiveCfg = Debug|Any CPU
		{5E866C29-35D8-4AE1-BB57-DFA747231392}.Debug|x64.Build.0 = Debug|Any CPU
		{5E866C29-35D8-4AE1-BB57-DFA747231392}.Debug|x86.ActiveCfg = Debug|Any CPU
		{5E866C29-35D8-4AE1-BB57-DFA747231392}.Debug|x86.Build.0 = Debug|Any CPU
		{5E866C29-35D8-4AE1-BB57-DFA747231392}.Release|Any CPU.ActiveCfg = Release|Any CPU
		{5E866C29-35D8-4AE1-BB57-DFA747231392}.Release|Any CPU.Build.0 = Release|Any CPU
		{5E866C29-35D8-4AE1-BB57-DFA747231392}.Release|x64.ActiveCfg = Release|Any CPU
		{5E866C29-35D8-4AE1-BB57-DFA747231392}.Release|x64.Build.0 = Release|Any CPU
		{5E866C29-35D8-4AE1-BB57-DFA747231392}.Release|x86.ActiveCfg = Release|Any CPU
		{5E866C29-35D8-4AE1-BB57-DFA747231392}.Release|x86.Build.0 = Release|Any CPU
		{FBEC9BDE-13B5-4CB4-8BA3-522AA3C1218E}.Debug|Any CPU.ActiveCfg = Debug|Any CPU
		{FBEC9BDE-13B5-4CB4-8BA3-522AA3C1218E}.Debug|Any CPU.Build.0 = Debug|Any CPU
		{FBEC9BDE-13B5-4CB4-8BA3-522AA3C1218E}.Debug|x64.ActiveCfg = Debug|Any CPU
		{FBEC9BDE-13B5-4CB4-8BA3-522AA3C1218E}.Debug|x64.Build.0 = Debug|Any CPU
		{FBEC9BDE-13B5-4CB4-8BA3-522AA3C1218E}.Debug|x86.ActiveCfg = Debug|Any CPU
		{FBEC9BDE-13B5-4CB4-8BA3-522AA3C1218E}.Debug|x86.Build.0 = Debug|Any CPU
		{FBEC9BDE-13B5-4CB4-8BA3-522AA3C1218E}.Release|Any CPU.ActiveCfg = Release|Any CPU
		{FBEC9BDE-13B5-4CB4-8BA3-522AA3C1218E}.Release|Any CPU.Build.0 = Release|Any CPU
		{FBEC9BDE-13B5-4CB4-8BA3-522AA3C1218E}.Release|x64.ActiveCfg = Release|Any CPU
		{FBEC9BDE-13B5-4CB4-8BA3-522AA3C1218E}.Release|x64.Build.0 = Release|Any CPU
		{FBEC9BDE-13B5-4CB4-8BA3-522AA3C1218E}.Release|x86.ActiveCfg = Release|Any CPU
		{FBEC9BDE-13B5-4CB4-8BA3-522AA3C1218E}.Release|x86.Build.0 = Release|Any CPU
		{76364456-977A-47DD-9BBF-C0B4D5911645}.Debug|Any CPU.ActiveCfg = Debug|Any CPU
		{76364456-977A-47DD-9BBF-C0B4D5911645}.Debug|Any CPU.Build.0 = Debug|Any CPU
		{76364456-977A-47DD-9BBF-C0B4D5911645}.Debug|x64.ActiveCfg = Debug|Any CPU
		{76364456-977A-47DD-9BBF-C0B4D5911645}.Debug|x64.Build.0 = Debug|Any CPU
		{76364456-977A-47DD-9BBF-C0B4D5911645}.Debug|x86.ActiveCfg = Debug|Any CPU
		{76364456-977A-47DD-9BBF-C0B4D5911645}.Debug|x86.Build.0 = Debug|Any CPU
		{76364456-977A-47DD-9BBF-C0B4D5911645}.Release|Any CPU.ActiveCfg = Release|Any CPU
		{76364456-977A-47DD-9BBF-C0B4D5911645}.Release|Any CPU.Build.0 = Release|Any CPU
		{76364456-977A-47DD-9BBF-C0B4D5911645}.Release|x64.ActiveCfg = Release|Any CPU
		{76364456-977A-47DD-9BBF-C0B4D5911645}.Release|x64.Build.0 = Release|Any CPU
		{76364456-977A-47DD-9BBF-C0B4D5911645}.Release|x86.ActiveCfg = Release|Any CPU
		{76364456-977A-47DD-9BBF-C0B4D5911645}.Release|x86.Build.0 = Release|Any CPU
		{FBCECC42-5CD6-4C27-AD58-A823CB913A3E}.Debug|Any CPU.ActiveCfg = Debug|Any CPU
		{FBCECC42-5CD6-4C27-AD58-A823CB913A3E}.Debug|Any CPU.Build.0 = Debug|Any CPU
		{FBCECC42-5CD6-4C27-AD58-A823CB913A3E}.Debug|x64.ActiveCfg = Debug|Any CPU
		{FBCECC42-5CD6-4C27-AD58-A823CB913A3E}.Debug|x64.Build.0 = Debug|Any CPU
		{FBCECC42-5CD6-4C27-AD58-A823CB913A3E}.Debug|x86.ActiveCfg = Debug|Any CPU
		{FBCECC42-5CD6-4C27-AD58-A823CB913A3E}.Debug|x86.Build.0 = Debug|Any CPU
		{FBCECC42-5CD6-4C27-AD58-A823CB913A3E}.Release|Any CPU.ActiveCfg = Release|Any CPU
		{FBCECC42-5CD6-4C27-AD58-A823CB913A3E}.Release|Any CPU.Build.0 = Release|Any CPU
		{FBCECC42-5CD6-4C27-AD58-A823CB913A3E}.Release|x64.ActiveCfg = Release|Any CPU
		{FBCECC42-5CD6-4C27-AD58-A823CB913A3E}.Release|x64.Build.0 = Release|Any CPU
		{FBCECC42-5CD6-4C27-AD58-A823CB913A3E}.Release|x86.ActiveCfg = Release|Any CPU
		{FBCECC42-5CD6-4C27-AD58-A823CB913A3E}.Release|x86.Build.0 = Release|Any CPU
		{B6E742AB-3C5F-442C-8A7C-DA9D0A375FD2}.Debug|Any CPU.ActiveCfg = Debug|Any CPU
		{B6E742AB-3C5F-442C-8A7C-DA9D0A375FD2}.Debug|Any CPU.Build.0 = Debug|Any CPU
		{B6E742AB-3C5F-442C-8A7C-DA9D0A375FD2}.Debug|x64.ActiveCfg = Debug|Any CPU
		{B6E742AB-3C5F-442C-8A7C-DA9D0A375FD2}.Debug|x64.Build.0 = Debug|Any CPU
		{B6E742AB-3C5F-442C-8A7C-DA9D0A375FD2}.Debug|x86.ActiveCfg = Debug|Any CPU
		{B6E742AB-3C5F-442C-8A7C-DA9D0A375FD2}.Debug|x86.Build.0 = Debug|Any CPU
		{B6E742AB-3C5F-442C-8A7C-DA9D0A375FD2}.Release|Any CPU.ActiveCfg = Release|Any CPU
		{B6E742AB-3C5F-442C-8A7C-DA9D0A375FD2}.Release|Any CPU.Build.0 = Release|Any CPU
		{B6E742AB-3C5F-442C-8A7C-DA9D0A375FD2}.Release|x64.ActiveCfg = Release|Any CPU
		{B6E742AB-3C5F-442C-8A7C-DA9D0A375FD2}.Release|x64.Build.0 = Release|Any CPU
		{B6E742AB-3C5F-442C-8A7C-DA9D0A375FD2}.Release|x86.ActiveCfg = Release|Any CPU
		{B6E742AB-3C5F-442C-8A7C-DA9D0A375FD2}.Release|x86.Build.0 = Release|Any CPU
	EndGlobalSection
	GlobalSection(SolutionProperties) = preSolution
		HideSolutionNode = FALSE
	EndGlobalSection
	GlobalSection(NestedProjects) = preSolution
		{3A39E85E-AF15-4A6A-A4FA-291BFDBFFAB6} = {827E0CD3-B72D-47B6-A68D-7590B98EB39B}
		{E51762E2-8787-4073-936A-529A6BBAFFC6} = {827E0CD3-B72D-47B6-A68D-7590B98EB39B}
		{5E866C29-35D8-4AE1-BB57-DFA747231392} = {827E0CD3-B72D-47B6-A68D-7590B98EB39B}
		{FBEC9BDE-13B5-4CB4-8BA3-522AA3C1218E} = {827E0CD3-B72D-47B6-A68D-7590B98EB39B}
		{76364456-977A-47DD-9BBF-C0B4D5911645} = {0AB3BF05-4346-4AA6-1389-037BE0695223}
		{FBCECC42-5CD6-4C27-AD58-A823CB913A3E} = {0AB3BF05-4346-4AA6-1389-037BE0695223}
		{B6E742AB-3C5F-442C-8A7C-DA9D0A375FD2} = {0AB3BF05-4346-4AA6-1389-037BE0695223}
	EndGlobalSection
EndGlobal
